
Microsoft Visual Studio Solution File, Format Version 12.00
# Visual Studio Version 16
VisualStudioVersion = 16.0.30503.244
MinimumVisualStudioVersion = 10.0.40219.1
Project("{FAE04EC0-301F-11D3-BF4B-00C04F79EFBC}") = "SalesTransaction.Application.DataAccess", "SalesTransaction.Application.DataAccess\SalesTransaction.Application.DataAccess.csproj", "{6A7691F2-088A-4B4A-8564-862EA2A6F389}"
EndProject
Project("{FAE04EC0-301F-11D3-BF4B-00C04F79EFBC}") = "SalesTransaction.Application.Model", "SalesTransaction.Application.Model\SalesTransaction.Application.Model.csproj", "{7C277393-7EFE-4A7A-A96E-88FE14DDB145}"
EndProject
Project("{FAE04EC0-301F-11D3-BF4B-00C04F79EFBC}") = "SalesTransaction.Application.Service", "SalesTransaction.Application.Service\SalesTransaction.Application.Service.csproj", "{33AAFFF9-5F06-42D6-8A8D-46EDC7E18038}"
EndProject
Project("{FAE04EC0-301F-11D3-BF4B-00C04F79EFBC}") = "SalesTransaction.Application.Web", "SalesTransaction.Application.Web\SalesTransaction.Application.Web.csproj", "{2E699A5D-36E8-40CD-92C0-A512E32ECBD2}"
EndProject
Project("{FAE04EC0-301F-11D3-BF4B-00C04F79EFBC}") = "SalesTransaction.Application.WebAPI", "SalesTransaction.Application.WebAPI\SalesTransaction.Application.WebAPI.csproj", "{2FA6ACE0-CD55-49BA-97C2-187C515A55F9}"
EndProject
Global
	GlobalSection(SolutionConfigurationPlatforms) = preSolution
		Debug|Any CPU = Debug|Any CPU
		Release|Any CPU = Release|Any CPU
	EndGlobalSection
	GlobalSection(ProjectConfigurationPlatforms) = postSolution
		{6A7691F2-088A-4B4A-8564-862EA2A6F389}.Debug|Any CPU.ActiveCfg = Debug|Any CPU
		{6A7691F2-088A-4B4A-8564-862EA2A6F389}.Debug|Any CPU.Build.0 = Debug|Any CPU
		{6A7691F2-088A-4B4A-8564-862EA2A6F389}.Release|Any CPU.ActiveCfg = Release|Any CPU
		{6A7691F2-088A-4B4A-8564-862EA2A6F389}.Release|Any CPU.Build.0 = Release|Any CPU
		{7C277393-7EFE-4A7A-A96E-88FE14DDB145}.Debug|Any CPU.ActiveCfg = Debug|Any CPU
		{7C277393-7EFE-4A7A-A96E-88FE14DDB145}.Debug|Any CPU.Build.0 = Debug|Any CPU
		{7C277393-7EFE-4A7A-A96E-88FE14DDB145}.Release|Any CPU.ActiveCfg = Release|Any CPU
		{7C277393-7EFE-4A7A-A96E-88FE14DDB145}.Release|Any CPU.Build.0 = Release|Any CPU
		{33AAFFF9-5F06-42D6-8A8D-46EDC7E18038}.Debug|Any CPU.ActiveCfg = Debug|Any CPU
		{33AAFFF9-5F06-42D6-8A8D-46EDC7E18038}.Debug|Any CPU.Build.0 = Debug|Any CPU
		{33AAFFF9-5F06-42D6-8A8D-46EDC7E18038}.Release|Any CPU.ActiveCfg = Release|Any CPU
		{33AAFFF9-5F06-42D6-8A8D-46EDC7E18038}.Release|Any CPU.Build.0 = Release|Any CPU
		{2E699A5D-36E8-40CD-92C0-A512E32ECBD2}.Debug|Any CPU.ActiveCfg = Debug|Any CPU
		{2E699A5D-36E8-40CD-92C0-A512E32ECBD2}.Debug|Any CPU.Build.0 = Debug|Any CPU
		{2E699A5D-36E8-40CD-92C0-A512E32ECBD2}.Release|Any CPU.ActiveCfg = Release|Any CPU
		{2E699A5D-36E8-40CD-92C0-A512E32ECBD2}.Release|Any CPU.Build.0 = Release|Any CPU
		{2FA6ACE0-CD55-49BA-97C2-187C515A55F9}.Debug|Any CPU.ActiveCfg = Debug|Any CPU
		{2FA6ACE0-CD55-49BA-97C2-187C515A55F9}.Debug|Any CPU.Build.0 = Debug|Any CPU
		{2FA6ACE0-CD55-49BA-97C2-187C515A55F9}.Release|Any CPU.ActiveCfg = Release|Any CPU
		{2FA6ACE0-CD55-49BA-97C2-187C515A55F9}.Release|Any CPU.Build.0 = Release|Any CPU
	EndGlobalSection
	GlobalSection(SolutionProperties) = preSolution
		HideSolutionNode = FALSE
	EndGlobalSection
	GlobalSection(ExtensibilityGlobals) = postSolution
		SolutionGuid = {F7D43395-0F57-46CF-976F-FA0DE9F07184}
	EndGlobalSection
EndGlobal
